
Microsoft Visual Studio Solution File, Format Version 12.00
# Visual Studio Version 17
VisualStudioVersion = 17.2.32519.379
MinimumVisualStudioVersion = 10.0.40219.1
Project("{FAE04EC0-301F-11D3-BF4B-00C04F79EFBC}") = "Lab7_MOIAIS", "Lab7_MOIAIS\Lab7_MOIAIS.csproj", "{37D09E6F-2BFC-4B26-896C-F8B96502CDDD}"
EndProject
Global
	GlobalSection(SolutionConfigurationPlatforms) = preSolution
		Debug|Any CPU = Debug|Any CPU
		Release|Any CPU = Release|Any CPU
	EndGlobalSection
	GlobalSection(ProjectConfigurationPlatforms) = postSolution
		{37D09E6F-2BFC-4B26-896C-F8B96502CDDD}.Debug|Any CPU.ActiveCfg = Debug|Any CPU
		{37D09E6F-2BFC-4B26-896C-F8B96502CDDD}.Debug|Any CPU.Build.0 = Debug|Any CPU
		{37D09E6F-2BFC-4B26-896C-F8B96502CDDD}.Release|Any CPU.ActiveCfg = Release|Any CPU
		{37D09E6F-2BFC-4B26-896C-F8B96502CDDD}.Release|Any CPU.Build.0 = Release|Any CPU
	EndGlobalSection
	GlobalSection(SolutionProperties) = preSolution
		HideSolutionNode = FALSE
	EndGlobalSection
	GlobalSection(ExtensibilityGlobals) = postSolution
		SolutionGuid = {605F6C0B-5841-4E03-81D5-FCD690D64F35}
	EndGlobalSection
EndGlobal
